
Microsoft Visual Studio Solution File, Format Version 12.00
# Visual Studio Version 17
VisualStudioVersion = 17.7.34221.43
MinimumVisualStudioVersion = 10.0.40219.1
Project("{8BC9CEB8-8B4A-11D0-8D11-00A0C91BC942}") = "标准库的qsort", "标准库的qsort.vcxproj", "{9E520333-91F0-4DB4-95FB-90B5C6D56B6D}"
EndProject
Global
	GlobalSection(SolutionConfigurationPlatforms) = preSolution
		Debug|x64 = Debug|x64
		Debug|x86 = Debug|x86
		Release|x64 = Release|x64
		Release|x86 = Release|x86
	EndGlobalSection
	GlobalSection(ProjectConfigurationPlatforms) = postSolution
		{9E520333-91F0-4DB4-95FB-90B5C6D56B6D}.Debug|x64.ActiveCfg = Debug|x64
		{9E520333-91F0-4DB4-95FB-90B5C6D56B6D}.Debug|x64.Build.0 = Debug|x64
		{9E520333-91F0-4DB4-95FB-90B5C6D56B6D}.Debug|x86.ActiveCfg = Debug|Win32
		{9E520333-91F0-4DB4-95FB-90B5C6D56B6D}.Debug|x86.Build.0 = Debug|Win32
		{9E520333-91F0-4DB4-95FB-90B5C6D56B6D}.Release|x64.ActiveCfg = Release|x64
		{9E520333-91F0-4DB4-95FB-90B5C6D56B6D}.Release|x64.Build.0 = Release|x64
		{9E520333-91F0-4DB4-95FB-90B5C6D56B6D}.Release|x86.ActiveCfg = Release|Win32
		{9E520333-91F0-4DB4-95FB-90B5C6D56B6D}.Release|x86.Build.0 = Release|Win32
	EndGlobalSection
	GlobalSection(SolutionProperties) = preSolution
		HideSolutionNode = FALSE
	EndGlobalSection
	GlobalSection(ExtensibilityGlobals) = postSolution
		SolutionGuid = {8F6F782B-991E-476B-95F8-77852230EB3F}
	EndGlobalSection
EndGlobal
